// !$*UTF8*$!
{
	archiveVersion = 1;
	classes = {
	};
	objectVersion = 51;
	objects = {

/* Begin PBXBuildFile section */
		232EC6039A32B71AF3215279 /* Pods_Flix.framework in Frameworks */ = {isa = PBXBuildFile; fileRef = FA5BDAB90A26D8CEECF5EEF6 /* Pods_Flix.framework */; };
		9B84D162232F5C1F0090A8A4 /* MovieCell.swift in Sources */ = {isa = PBXBuildFile; fileRef = 9B84D161232F5C1F0090A8A4 /* MovieCell.swift */; };
		9B853072232731BC00C5AEDF /* AppDelegate.swift in Sources */ = {isa = PBXBuildFile; fileRef = 9B853071232731BC00C5AEDF /* AppDelegate.swift */; };
		9B853074232731BC00C5AEDF /* MoviesViewController.swift in Sources */ = {isa = PBXBuildFile; fileRef = 9B853073232731BC00C5AEDF /* MoviesViewController.swift */; };
		9B853077232731BC00C5AEDF /* Main.storyboard in Resources */ = {isa = PBXBuildFile; fileRef = 9B853075232731BC00C5AEDF /* Main.storyboard */; };
		9B853079232731BF00C5AEDF /* Assets.xcassets in Resources */ = {isa = PBXBuildFile; fileRef = 9B853078232731BF00C5AEDF /* Assets.xcassets */; };
		9B85307C232731BF00C5AEDF /* LaunchScreen.storyboard in Resources */ = {isa = PBXBuildFile; fileRef = 9B85307A232731BF00C5AEDF /* LaunchScreen.storyboard */; };
		9BB69F862333278100E2679E /* MovieDetailsViewController.swift in Sources */ = {isa = PBXBuildFile; fileRef = 9BB69F852333278100E2679E /* MovieDetailsViewController.swift */; };
		9BB69F882333464F00E2679E /* MovieGridViewController.swift in Sources */ = {isa = PBXBuildFile; fileRef = 9BB69F872333464F00E2679E /* MovieGridViewController.swift */; };
		9BB69F8A23334AED00E2679E /* MovieGridCell.swift in Sources */ = {isa = PBXBuildFile; fileRef = 9BB69F8923334AED00E2679E /* MovieGridCell.swift */; };
/* End PBXBuildFile section */

/* Begin PBXFileReference section */
		3BD87E150154E93D032FE2C0 /* Pods-Flix.debug.xcconfig */ = {isa = PBXFileReference; includeInIndex = 1; lastKnownFileType = text.xcconfig; name = "Pods-Flix.debug.xcconfig"; path = "Target Support Files/Pods-Flix/Pods-Flix.debug.xcconfig"; sourceTree = "<group>"; };
		9B84D161232F5C1F0090A8A4 /* MovieCell.swift */ = {isa = PBXFileReference; lastKnownFileType = sourcecode.swift; path = MovieCell.swift; sourceTree = "<group>"; };
		9B85306E232731BC00C5AEDF /* Flix.app */ = {isa = PBXFileReference; explicitFileType = wrapper.application; includeInIndex = 0; path = Flix.app; sourceTree = BUILT_PRODUCTS_DIR; };
		9B853071232731BC00C5AEDF /* AppDelegate.swift */ = {isa = PBXFileReference; lastKnownFileType = sourcecode.swift; path = AppDelegate.swift; sourceTree = "<group>"; };
		9B853073232731BC00C5AEDF /* MoviesViewController.swift */ = {isa = PBXFileReference; lastKnownFileType = sourcecode.swift; path = MoviesViewController.swift; sourceTree = "<group>"; };
		9B853076232731BC00C5AEDF /* Base */ = {isa = PBXFileReference; lastKnownFileType = file.storyboard; name = Base; path = Base.lproj/Main.storyboard; sourceTree = "<group>"; };
		9B853078232731BF00C5AEDF /* Assets.xcassets */ = {isa = PBXFileReference; lastKnownFileType = folder.assetcatalog; path = Assets.xcassets; sourceTree = "<group>"; };
		9B85307B232731BF00C5AEDF /* Base */ = {isa = PBXFileReference; lastKnownFileType = file.storyboard; name = Base; path = Base.lproj/LaunchScreen.storyboard; sourceTree = "<group>"; };
		9B85307D232731BF00C5AEDF /* Info.plist */ = {isa = PBXFileReference; lastKnownFileType = text.plist.xml; path = Info.plist; sourceTree = "<group>"; };
		9BB69F852333278100E2679E /* MovieDetailsViewController.swift */ = {isa = PBXFileReference; lastKnownFileType = sourcecode.swift; path = MovieDetailsViewController.swift; sourceTree = "<group>"; };
		9BB69F872333464F00E2679E /* MovieGridViewController.swift */ = {isa = PBXFileReference; lastKnownFileType = sourcecode.swift; path = MovieGridViewController.swift; sourceTree = "<group>"; };
		9BB69F8923334AED00E2679E /* MovieGridCell.swift */ = {isa = PBXFileReference; lastKnownFileType = sourcecode.swift; path = MovieGridCell.swift; sourceTree = "<group>"; };
		A8993C36094DC1997D66E830 /* Pods-Flix.release.xcconfig */ = {isa = PBXFileReference; includeInIndex = 1; lastKnownFileType = text.xcconfig; name = "Pods-Flix.release.xcconfig"; path = "Target Support Files/Pods-Flix/Pods-Flix.release.xcconfig"; sourceTree = "<group>"; };
		FA5BDAB90A26D8CEECF5EEF6 /* Pods_Flix.framework */ = {isa = PBXFileReference; explicitFileType = wrapper.framework; includeInIndex = 0; path = Pods_Flix.framework; sourceTree = BUILT_PRODUCTS_DIR; };
/* End PBXFileReference section */

/* Begin PBXFrameworksBuildPhase section */
		9B85306B232731BC00C5AEDF /* Frameworks */ = {
			isa = PBXFrameworksBuildPhase;
			buildActionMask = 2147483647;
			files = (
				232EC6039A32B71AF3215279 /* Pods_Flix.framework in Frameworks */,
			);
			runOnlyForDeploymentPostprocessing = 0;
		};
/* End PBXFrameworksBuildPhase section */

/* Begin PBXGroup section */
		2AB360BAC94CCE3CE7C2FED9 /* Pods */ = {
			isa = PBXGroup;
			children = (
				3BD87E150154E93D032FE2C0 /* Pods-Flix.debug.xcconfig */,
				A8993C36094DC1997D66E830 /* Pods-Flix.release.xcconfig */,
			);
			path = Pods;
			sourceTree = "<group>";
		};
		9B853065232731BC00C5AEDF = {
			isa = PBXGroup;
			children = (
				9B853070232731BC00C5AEDF /* Flix */,
				9B85306F232731BC00C5AEDF /* Products */,
				2AB360BAC94CCE3CE7C2FED9 /* Pods */,
				D26ADA3E970F8C61B7B10F29 /* Frameworks */,
			);
			sourceTree = "<group>";
		};
		9B85306F232731BC00C5AEDF /* Products */ = {
			isa = PBXGroup;
			children = (
				9B85306E232731BC00C5AEDF /* Flix.app */,
			);
			name = Products;
			sourceTree = "<group>";
		};
		9B853070232731BC00C5AEDF /* Flix */ = {
			isa = PBXGroup;
			children = (
				9B853071232731BC00C5AEDF /* AppDelegate.swift */,
				9B853073232731BC00C5AEDF /* MoviesViewController.swift */,
				9B853075232731BC00C5AEDF /* Main.storyboard */,
				9BB69F8923334AED00E2679E /* MovieGridCell.swift */,
				9BB69F872333464F00E2679E /* MovieGridViewController.swift */,
				9BB69F852333278100E2679E /* MovieDetailsViewController.swift */,
				9B84D161232F5C1F0090A8A4 /* MovieCell.swift */,
				9B853078232731BF00C5AEDF /* Assets.xcassets */,
				9B85307A232731BF00C5AEDF /* LaunchScreen.storyboard */,
				9B85307D232731BF00C5AEDF /* Info.plist */,
			);
			path = Flix;
			sourceTree = "<group>";
		};
		D26ADA3E970F8C61B7B10F29 /* Frameworks */ = {
			isa = PBXGroup;
			children = (
				FA5BDAB90A26D8CEECF5EEF6 /* Pods_Flix.framework */,
			);
			name = Frameworks;
			sourceTree = "<group>";
		};
/* End PBXGroup section */

/* Begin PBXNativeTarget section */
		9B85306D232731BC00C5AEDF /* Flix */ = {
			isa = PBXNativeTarget;
			buildConfigurationList = 9B853080232731BF00C5AEDF /* Build configuration list for PBXNativeTarget "Flix" */;
			buildPhases = (
				BC8502D0EE63BB949E9A0956 /* [CP] Check Pods Manifest.lock */,
				9B85306A232731BC00C5AEDF /* Sources */,
				9B85306B232731BC00C5AEDF /* Frameworks */,
				9B85306C232731BC00C5AEDF /* Resources */,
				B6B09E407106B0A8767D73FC /* [CP] Embed Pods Frameworks */,
			);
			buildRules = (
			);
			dependencies = (
			);
			name = Flix;
			productName = Flix;
			productReference = 9B85306E232731BC00C5AEDF /* Flix.app */;
			productType = "com.apple.product-type.application";
		};
/* End PBXNativeTarget section */

/* Begin PBXProject section */
		9B853066232731BC00C5AEDF /* Project object */ = {
			isa = PBXProject;
			attributes = {
				LastSwiftUpdateCheck = 0940;
				LastUpgradeCheck = 0940;
				ORGANIZATIONNAME = "Enrique Mosqueda";
				TargetAttributes = {
					9B85306D232731BC00C5AEDF = {
						CreatedOnToolsVersion = 9.4.1;
						LastSwiftMigration = 1030;
					};
				};
			};
			buildConfigurationList = 9B853069232731BC00C5AEDF /* Build configuration list for PBXProject "Flix" */;
			compatibilityVersion = "Xcode 9.3";
			developmentRegion = en;
			hasScannedForEncodings = 0;
			knownRegions = (
				en,
				Base,
			);
			mainGroup = 9B853065232731BC00C5AEDF;
			productRefGroup = 9B85306F232731BC00C5AEDF /* Products */;
			projectDirPath = "";
			projectRoot = "";
			targets = (
				9B85306D232731BC00C5AEDF /* Flix */,
			);
		};
/* End PBXProject section */

/* Begin PBXResourcesBuildPhase section */
		9B85306C232731BC00C5AEDF /* Resources */ = {
			isa = PBXResourcesBuildPhase;
			buildActionMask = 2147483647;
			files = (
				9B85307C232731BF00C5AEDF /* LaunchScreen.storyboard in Resources */,
				9B853079232731BF00C5AEDF /* Assets.xcassets in Resources */,
				9B853077232731BC00C5AEDF /* Main.storyboard in Resources */,
			);
			runOnlyForDeploymentPostprocessing = 0;
		};
/* End PBXResourcesBuildPhase section */

/* Begin PBXShellScriptBuildPhase section */
		B6B09E407106B0A8767D73FC /* [CP] Embed Pods Frameworks */ = {
			isa = PBXShellScriptBuildPhase;
			buildActionMask = 2147483647;
			files = (
			);
			inputFileListPaths = (
				"${PODS_ROOT}/Target Support Files/Pods-Flix/Pods-Flix-frameworks-${CONFIGURATION}-input-files.xcfilelist",
			);
			name = "[CP] Embed Pods Frameworks";
			outputFileListPaths = (
				"${PODS_ROOT}/Target Support Files/Pods-Flix/Pods-Flix-frameworks-${CONFIGURATION}-output-files.xcfilelist",
			);
			runOnlyForDeploymentPostprocessing = 0;
			shellPath = /bin/sh;
			shellScript = "\"${PODS_ROOT}/Target Support Files/Pods-Flix/Pods-Flix-frameworks.sh\"\n";
			showEnvVarsInLog = 0;
		};
		BC8502D0EE63BB949E9A0956 /* [CP] Check Pods Manifest.lock */ = {
			isa = PBXShellScriptBuildPhase;
			buildActionMask = 2147483647;
			files = (
			);
			inputFileListPaths = (
			);
			inputPaths = (
				"${PODS_PODFILE_DIR_PATH}/Podfile.lock",
				"${PODS_ROOT}/Manifest.lock",
			);
			name = "[CP] Check Pods Manifest.lock";
			outputFileListPaths = (
			);
			outputPaths = (
				"$(DERIVED_FILE_DIR)/Pods-Flix-checkManifestLockResult.txt",
			);
			runOnlyForDeploymentPostprocessing = 0;
			shellPath = /bin/sh;
			shellScript = "diff \"${PODS_PODFILE_DIR_PATH}/Podfile.lock\" \"${PODS_ROOT}/Manifest.lock\" > /dev/null\nif [ $? != 0 ] ; then\n    # print error to STDERR\n    echo \"error: The sandbox is not in sync with the Podfile.lock. Run 'pod install' or update your CocoaPods installation.\" >&2\n    exit 1\nfi\n# This output is used by Xcode 'outputs' to avoid re-running this script phase.\necho \"SUCCESS\" > \"${SCRIPT_OUTPUT_FILE_0}\"\n";
			showEnvVarsInLog = 0;
		};
/* End PBXShellScriptBuildPhase section */

/* Begin PBXSourcesBuildPhase section */
		9B85306A232731BC00C5AEDF /* Sources */ = {
			isa = PBXSourcesBuildPhase;
			buildActionMask = 2147483647;
			files = (
				9BB69F882333464F00E2679E /* MovieGridViewController.swift in Sources */,
				9BB69F862333278100E2679E /* MovieDetailsViewController.swift in Sources */,
				9B853074232731BC00C5AEDF /* MoviesViewController.swift in Sources */,
				9B853072232731BC00C5AEDF /* AppDelegate.swift in Sources */,
				9BB69F8A23334AED00E2679E /* MovieGridCell.swift in Sources */,
				9B84D162232F5C1F0090A8A4 /* MovieCell.swift in Sources */,
			);
			runOnlyForDeploymentPostprocessing = 0;
		};
/* End PBXSourcesBuildPhase section */

/* Begin PBXVariantGroup section */
		9B853075232731BC00C5AEDF /* Main.storyboard */ = {
			isa = PBXVariantGroup;
			children = (
				9B853076232731BC00C5AEDF /* Base */,
			);
			name = Main.storyboard;
			sourceTree = "<group>";
		};
		9B85307A232731BF00C5AEDF /* LaunchScreen.storyboard */ = {
			isa = PBXVariantGroup;
			children = (
				9B85307B232731BF00C5AEDF /* Base */,
			);
			name = LaunchScreen.storyboard;
			sourceTree = "<group>";
		};
/* End PBXVariantGroup section */

/* Begin XCBuildConfiguration section */
		9B85307E232731BF00C5AEDF /* Debug */ = {
			isa = XCBuildConfiguration;
			buildSettings = {
				ALWAYS_SEARCH_USER_PATHS = NO;
				CLANG_ANALYZER_NONNULL = YES;
				CLANG_ANALYZER_NUMBER_OBJECT_CONVERSION = YES_AGGRESSIVE;
				CLANG_CXX_LANGUAGE_STANDARD = "gnu++14";
				CLANG_CXX_LIBRARY = "libc++";
				CLANG_ENABLE_MODULES = YES;
				CLANG_ENABLE_OBJC_ARC = YES;
				CLANG_ENABLE_OBJC_WEAK = YES;
				CLANG_WARN_BLOCK_CAPTURE_AUTORELEASING = YES;
				CLANG_WARN_BOOL_CONVERSION = YES;
				CLANG_WARN_COMMA = YES;
				CLANG_WARN_CONSTANT_CONVERSION = YES;
				CLANG_WARN_DEPRECATED_OBJC_IMPLEMENTATIONS = YES;
				CLANG_WARN_DIRECT_OBJC_ISA_USAGE = YES_ERROR;
				CLANG_WARN_DOCUMENTATION_COMMENTS = YES;
				CLANG_WARN_EMPTY_BODY = YES;
				CLANG_WARN_ENUM_CONVERSION = YES;
				CLANG_WARN_INFINITE_RECURSION = YES;
				CLANG_WARN_INT_CONVERSION = YES;
				CLANG_WARN_NON_LITERAL_NULL_CONVERSION = YES;
				CLANG_WARN_OBJC_IMPLICIT_RETAIN_SELF = YES;
				CLANG_WARN_OBJC_LITERAL_CONVERSION = YES;
				CLANG_WARN_OBJC_ROOT_CLASS = YES_ERROR;
				CLANG_WARN_RANGE_LOOP_ANALYSIS = YES;
				CLANG_WARN_STRICT_PROTOTYPES = YES;
				CLANG_WARN_SUSPICIOUS_MOVE = YES;
				CLANG_WARN_UNGUARDED_AVAILABILITY = YES_AGGRESSIVE;
				CLANG_WARN_UNREACHABLE_CODE = YES;
				CLANG_WARN__DUPLICATE_METHOD_MATCH = YES;
				CODE_SIGN_IDENTITY = "iPhone Developer";
				COPY_PHASE_STRIP = NO;
				DEBUG_INFORMATION_FORMAT = dwarf;
				ENABLE_STRICT_OBJC_MSGSEND = YES;
				ENABLE_TESTABILITY = YES;
				GCC_C_LANGUAGE_STANDARD = gnu11;
				GCC_DYNAMIC_NO_PIC = NO;
				GCC_NO_COMMON_BLOCKS = YES;
				GCC_OPTIMIZATION_LEVEL = 0;
				GCC_PREPROCESSOR_DEFINITIONS = (
					"DEBUG=1",
					"$(inherited)",
				);
				GCC_WARN_64_TO_32_BIT_CONVERSION = YES;
				GCC_WARN_ABOUT_RETURN_TYPE = YES_ERROR;
				GCC_WARN_UNDECLARED_SELECTOR = YES;
				GCC_WARN_UNINITIALIZED_AUTOS = YES_AGGRESSIVE;
				GCC_WARN_UNUSED_FUNCTION = YES;
				GCC_WARN_UNUSED_VARIABLE = YES;
				IPHONEOS_DEPLOYMENT_TARGET = 11.4;
				MTL_ENABLE_DEBUG_INFO = YES;
				ONLY_ACTIVE_ARCH = YES;
				SDKROOT = iphoneos;
				SWIFT_ACTIVE_COMPILATION_CONDITIONS = DEBUG;
				SWIFT_OPTIMIZATION_LEVEL = "-Onone";
			};
			name = Debug;
		};
		9B85307F232731BF00C5AEDF /* Release */ = {
			isa = XCBuildConfiguration;
			buildSettings = {
				ALWAYS_SEARCH_USER_PATHS = NO;
				CLANG_ANALYZER_NONNULL = YES;
				CLANG_ANALYZER_NUMBER_OBJECT_CONVERSION = YES_AGGRESSIVE;
				CLANG_CXX_LANGUAGE_STANDARD = "gnu++14";
				CLANG_CXX_LIBRARY = "libc++";
				CLANG_ENABLE_MODULES = YES;
				CLANG_ENABLE_OBJC_ARC = YES;
				CLANG_ENABLE_OBJC_WEAK = YES;
				CLANG_WARN_BLOCK_CAPTURE_AUTORELEASING = YES;
				CLANG_WARN_BOOL_CONVERSION = YES;
				CLANG_WARN_COMMA = YES;
				CLANG_WARN_CONSTANT_CONVERSION = YES;
				CLANG_WARN_DEPRECATED_OBJC_IMPLEMENTATIONS = YES;
				CLANG_WARN_DIRECT_OBJC_ISA_USAGE = YES_ERROR;
				CLANG_WARN_DOCUMENTATION_COMMENTS = YES;
				CLANG_WARN_EMPTY_BODY = YES;
				CLANG_WARN_ENUM_CONVERSION = YES;
				CLANG_WARN_INFINITE_RECURSION = YES;
				CLANG_WARN_INT_CONVERSION = YES;
				CLANG_WARN_NON_LITERAL_NULL_CONVERSION = YES;
				CLANG_WARN_OBJC_IMPLICIT_RETAIN_SELF = YES;
				CLANG_WARN_OBJC_LITERAL_CONVERSION = YES;
				CLANG_WARN_OBJC_ROOT_CLASS = YES_ERROR;
				CLANG_WARN_RANGE_LOOP_ANALYSIS = YES;
				CLANG_WARN_STRICT_PROTOTYPES = YES;
				CLANG_WARN_SUSPICIOUS_MOVE = YES;
				CLANG_WARN_UNGUARDED_AVAILABILITY = YES_AGGRESSIVE;
				CLANG_WARN_UNREACHABLE_CODE = YES;
				CLANG_WARN__DUPLICATE_METHOD_MATCH = YES;
				CODE_SIGN_IDENTITY = "iPhone Developer";
				COPY_PHASE_STRIP = NO;
				DEBUG_INFORMATION_FORMAT = "dwarf-with-dsym";
				ENABLE_NS_ASSERTIONS = NO;
				ENABLE_STRICT_OBJC_MSGSEND = YES;
				GCC_C_LANGUAGE_STANDARD = gnu11;
				GCC_NO_COMMON_BLOCKS = YES;
				GCC_WARN_64_TO_32_BIT_CONVERSION = YES;
				GCC_WARN_ABOUT_RETURN_TYPE = YES_ERROR;
				GCC_WARN_UNDECLARED_SELECTOR = YES;
				GCC_WARN_UNINITIALIZED_AUTOS = YES_AGGRESSIVE;
				GCC_WARN_UNUSED_FUNCTION = YES;
				GCC_WARN_UNUSED_VARIABLE = YES;
				IPHONEOS_DEPLOYMENT_TARGET = 11.4;
				MTL_ENABLE_DEBUG_INFO = NO;
				SDKROOT = iphoneos;
				SWIFT_COMPILATION_MODE = wholemodule;
				SWIFT_OPTIMIZATION_LEVEL = "-O";
				VALIDATE_PRODUCT = YES;
			};
			name = Release;
		};
		9B853081232731BF00C5AEDF /* Debug */ = {
			isa = XCBuildConfiguration;
			baseConfigurationReference = 3BD87E150154E93D032FE2C0 /* Pods-Flix.debug.xcconfig */;
			buildSettings = {
				ASSETCATALOG_COMPILER_APPICON_NAME = AppIcon;
				CODE_SIGN_STYLE = Automatic;
				INFOPLIST_FILE = Flix/Info.plist;
				LD_RUNPATH_SEARCH_PATHS = (
					"$(inherited)",
					"@executable_path/Frameworks",
				);
				PRODUCT_BUNDLE_IDENTIFIER = EPM.Flix;
				PRODUCT_NAME = "$(TARGET_NAME)";
				SWIFT_VERSION = 5.0;
				TARGETED_DEVICE_FAMILY = "1,2";
			};
			name = Debug;
		};
		9B853082232731BF00C5AEDF /* Release */ = {
			isa = XCBuildConfiguration;
			baseConfigurationReference = A8993C36094DC1997D66E830 /* Pods-Flix.release.xcconfig */;
			buildSettings = {
				ASSETCATALOG_COMPILER_APPICON_NAME = AppIcon;
				CODE_SIGN_STYLE = Automatic;
				INFOPLIST_FILE = Flix/Info.plist;
				LD_RUNPATH_SEARCH_PATHS = (
					"$(inherited)",
					"@executable_path/Frameworks",
				);
				PRODUCT_BUNDLE_IDENTIFIER = EPM.Flix;
				PRODUCT_NAME = "$(TARGET_NAME)";
				SWIFT_VERSION = 5.0;
				TARGETED_DEVICE_FAMILY = "1,2";
			};
			name = Release;
		};
/* End XCBuildConfiguration section */

/* Begin XCConfigurationList section */
		9B853069232731BC00C5AEDF /* Build configuration list for PBXProject "Flix" */ = {
			isa = XCConfigurationList;
			buildConfigurations = (
				9B85307E232731BF00C5AEDF /* Debug */,
				9B85307F232731BF00C5AEDF /* Release */,
			);
			defaultConfigurationIsVisible = 0;
			defaultConfigurationName = Release;
		};
		9B853080232731BF00C5AEDF /* Build configuration list for PBXNativeTarget "Flix" */ = {
			isa = XCConfigurationList;
			buildConfigurations = (
				9B853081232731BF00C5AEDF /* Debug */,
				9B853082232731BF00C5AEDF /* Release */,
			);
			defaultConfigurationIsVisible = 0;
			defaultConfigurationName = Release;
		};
/* End XCConfigurationList section */
	};
	rootObject = 9B853066232731BC00C5AEDF /* Project object */;
}
